
Microsoft Visual Studio Solution File, Format Version 12.00
# Visual Studio Version 17
VisualStudioVersion = 17.0.31903.59
MinimumVisualStudioVersion = 10.0.40219.1
Project("{2150E333-8FDC-42A3-9474-1A3956D46DE8}") = "src", "src", "{FA2C174B-844E-4017-BBF0-6D4EA5A50EE7}"
EndProject
Project("{FAE04EC0-301F-11D3-BF4B-00C04F79EFBC}") = "TalentoPlus.API", "src\TalentoPlus.API\TalentoPlus.API.csproj", "{3BED5C19-6C02-46F3-9DEA-C8B5FB601511}"
EndProject
Project("{FAE04EC0-301F-11D3-BF4B-00C04F79EFBC}") = "TalentoPlus.Application", "src\TalentoPlus.Application\TalentoPlus.Application.csproj", "{8FB871D7-3673-40B6-991F-B2CC24250CE1}"
EndProject
Project("{FAE04EC0-301F-11D3-BF4B-00C04F79EFBC}") = "TalentoPlus.Domain", "src\TalentoPlus.Domain\TalentoPlus.Domain.csproj", "{50407877-EFF5-47C9-9B15-838147CAD457}"
EndProject
Project("{FAE04EC0-301F-11D3-BF4B-00C04F79EFBC}") = "TalentoPlus.Infrastructure", "src\TalentoPlus.Infrastructure\TalentoPlus.Infrastructure.csproj", "{177C4C8A-EE38-4780-9385-DECC710F598B}"
EndProject
Project("{2150E333-8FDC-42A3-9474-1A3956D46DE8}") = "Solution Items", "Solution Items", "{1F62ECBA-0F16-4443-87D1-4121E089DBD0}"
	ProjectSection(SolutionItems) = preProject
		compose.yaml = compose.yaml
	EndProjectSection
EndProject
Global
	GlobalSection(SolutionConfigurationPlatforms) = preSolution
		Debug|Any CPU = Debug|Any CPU
		Release|Any CPU = Release|Any CPU
	EndGlobalSection
	GlobalSection(SolutionProperties) = preSolution
		HideSolutionNode = FALSE
	EndGlobalSection
	GlobalSection(ProjectConfigurationPlatforms) = postSolution
		{3BED5C19-6C02-46F3-9DEA-C8B5FB601511}.Debug|Any CPU.ActiveCfg = Debug|Any CPU
		{3BED5C19-6C02-46F3-9DEA-C8B5FB601511}.Debug|Any CPU.Build.0 = Debug|Any CPU
		{3BED5C19-6C02-46F3-9DEA-C8B5FB601511}.Release|Any CPU.ActiveCfg = Release|Any CPU
		{3BED5C19-6C02-46F3-9DEA-C8B5FB601511}.Release|Any CPU.Build.0 = Release|Any CPU
		{8FB871D7-3673-40B6-991F-B2CC24250CE1}.Debug|Any CPU.ActiveCfg = Debug|Any CPU
		{8FB871D7-3673-40B6-991F-B2CC24250CE1}.Debug|Any CPU.Build.0 = Debug|Any CPU
		{8FB871D7-3673-40B6-991F-B2CC24250CE1}.Release|Any CPU.ActiveCfg = Release|Any CPU
		{8FB871D7-3673-40B6-991F-B2CC24250CE1}.Release|Any CPU.Build.0 = Release|Any CPU
		{50407877-EFF5-47C9-9B15-838147CAD457}.Debug|Any CPU.ActiveCfg = Debug|Any CPU
		{50407877-EFF5-47C9-9B15-838147CAD457}.Debug|Any CPU.Build.0 = Debug|Any CPU
		{50407877-EFF5-47C9-9B15-838147CAD457}.Release|Any CPU.ActiveCfg = Release|Any CPU
		{50407877-EFF5-47C9-9B15-838147CAD457}.Release|Any CPU.Build.0 = Release|Any CPU
		{177C4C8A-EE38-4780-9385-DECC710F598B}.Debug|Any CPU.ActiveCfg = Debug|Any CPU
		{177C4C8A-EE38-4780-9385-DECC710F598B}.Debug|Any CPU.Build.0 = Debug|Any CPU
		{177C4C8A-EE38-4780-9385-DECC710F598B}.Release|Any CPU.ActiveCfg = Release|Any CPU
		{177C4C8A-EE38-4780-9385-DECC710F598B}.Release|Any CPU.Build.0 = Release|Any CPU
	EndGlobalSection
	GlobalSection(NestedProjects) = preSolution
		{3BED5C19-6C02-46F3-9DEA-C8B5FB601511} = {FA2C174B-844E-4017-BBF0-6D4EA5A50EE7}
		{8FB871D7-3673-40B6-991F-B2CC24250CE1} = {FA2C174B-844E-4017-BBF0-6D4EA5A50EE7}
		{50407877-EFF5-47C9-9B15-838147CAD457} = {FA2C174B-844E-4017-BBF0-6D4EA5A50EE7}
		{177C4C8A-EE38-4780-9385-DECC710F598B} = {FA2C174B-844E-4017-BBF0-6D4EA5A50EE7}
	EndGlobalSection
EndGlobal
